
Microsoft Visual Studio Solution File, Format Version 12.00
# Visual Studio Version 17
VisualStudioVersion = 17.11.35312.102
MinimumVisualStudioVersion = 10.0.40219.1
Project("{9A19103F-16F7-4668-BE54-9A1E7A4F7556}") = "Yes.Blog", "Yes.Blog\Yes.Blog.csproj", "{54ECAB56-569D-44BB-81CB-F7BFFE8F8EFE}"
EndProject
Project("{9A19103F-16F7-4668-BE54-9A1E7A4F7556}") = "Yes.Application", "Yes.Application\Yes.Application.csproj", "{F59BC12D-9D94-4049-A432-95B2A253CC22}"
EndProject
Project("{9A19103F-16F7-4668-BE54-9A1E7A4F7556}") = "Yes.Domain", "Yes.Domain\Yes.Domain.csproj", "{F6FABD39-24FE-4AED-84B3-D40F51629DA0}"
EndProject
Project("{FAE04EC0-301F-11D3-BF4B-00C04F79EFBC}") = "Yes.Infrastructure", "Yes.Infrastructure\Yes.Infrastructure.csproj", "{E7C86122-717C-44D9-9AE9-BBC5B0F2806C}"
EndProject
Global
	GlobalSection(SolutionConfigurationPlatforms) = preSolution
		Debug|Any CPU = Debug|Any CPU
		Release|Any CPU = Release|Any CPU
	EndGlobalSection
	GlobalSection(ProjectConfigurationPlatforms) = postSolution
		{54ECAB56-569D-44BB-81CB-F7BFFE8F8EFE}.Debug|Any CPU.ActiveCfg = Debug|Any CPU
		{54ECAB56-569D-44BB-81CB-F7BFFE8F8EFE}.Debug|Any CPU.Build.0 = Debug|Any CPU
		{54ECAB56-569D-44BB-81CB-F7BFFE8F8EFE}.Release|Any CPU.ActiveCfg = Release|Any CPU
		{54ECAB56-569D-44BB-81CB-F7BFFE8F8EFE}.Release|Any CPU.Build.0 = Release|Any CPU
		{F59BC12D-9D94-4049-A432-95B2A253CC22}.Debug|Any CPU.ActiveCfg = Debug|Any CPU
		{F59BC12D-9D94-4049-A432-95B2A253CC22}.Debug|Any CPU.Build.0 = Debug|Any CPU
		{F59BC12D-9D94-4049-A432-95B2A253CC22}.Release|Any CPU.ActiveCfg = Release|Any CPU
		{F59BC12D-9D94-4049-A432-95B2A253CC22}.Release|Any CPU.Build.0 = Release|Any CPU
		{F6FABD39-24FE-4AED-84B3-D40F51629DA0}.Debug|Any CPU.ActiveCfg = Debug|Any CPU
		{F6FABD39-24FE-4AED-84B3-D40F51629DA0}.Debug|Any CPU.Build.0 = Debug|Any CPU
		{F6FABD39-24FE-4AED-84B3-D40F51629DA0}.Release|Any CPU.ActiveCfg = Release|Any CPU
		{F6FABD39-24FE-4AED-84B3-D40F51629DA0}.Release|Any CPU.Build.0 = Release|Any CPU
		{E7C86122-717C-44D9-9AE9-BBC5B0F2806C}.Debug|Any CPU.ActiveCfg = Debug|Any CPU
		{E7C86122-717C-44D9-9AE9-BBC5B0F2806C}.Debug|Any CPU.Build.0 = Debug|Any CPU
		{E7C86122-717C-44D9-9AE9-BBC5B0F2806C}.Release|Any CPU.ActiveCfg = Release|Any CPU
		{E7C86122-717C-44D9-9AE9-BBC5B0F2806C}.Release|Any CPU.Build.0 = Release|Any CPU
	EndGlobalSection
	GlobalSection(SolutionProperties) = preSolution
		HideSolutionNode = FALSE
	EndGlobalSection
	GlobalSection(ExtensibilityGlobals) = postSolution
		SolutionGuid = {EA738F11-4894-4774-BD57-C46D9D5B855A}
	EndGlobalSection
EndGlobal
